
Microsoft Visual Studio Solution File, Format Version 12.00
# Visual Studio Version 17
VisualStudioVersion = 17.0.32112.339
MinimumVisualStudioVersion = 10.0.40219.1
Project("{9A19103F-16F7-4668-BE54-9A1E7A4F7556}") = "UnityLesson_CSharp_Operator", "UnityLesson_CSharp_Operator.csproj", "{EB7F2089-9DC0-4233-9C04-2939B80A1EB9}"
EndProject
Project("{FAE04EC0-301F-11D3-BF4B-00C04F79EFBC}") = "UnityLesson_CSharp_Array", "..\..\2022_02_05\UnityLesson_CSharp_Array\UnityLesson_CSharp_Array.csproj", "{3E937EA8-C0A4-41D2-AE8F-5A7FE3813973}"
EndProject
Project("{FAE04EC0-301F-11D3-BF4B-00C04F79EFBC}") = "UninyLesson_CSharp_WhileLoop", "..\UninyLesson_CSharp_WhileLoop\UninyLesson_CSharp_WhileLoop.csproj", "{E7725D5E-920C-45F8-BC01-26A40C531FC7}"
EndProject
Project("{FAE04EC0-301F-11D3-BF4B-00C04F79EFBC}") = "UnityLesson_CSharp_ForLoop", "..\UnityLesson_CSharp_ForLoop\UnityLesson_CSharp_ForLoop.csproj", "{FE8D9FA0-8628-4037-A9F2-21C9543B0111}"
EndProject
Project("{FAE04EC0-301F-11D3-BF4B-00C04F79EFBC}") = "UnityLesson_CSharp_ForLoopExample", "..\UnityLesson_CSharp_ForLoopExample\UnityLesson_CSharp_ForLoopExample.csproj", "{C7B45E09-F146-4AB2-8AE8-823EED2E0C37}"
EndProject
Global
	GlobalSection(SolutionConfigurationPlatforms) = preSolution
		Debug|Any CPU = Debug|Any CPU
		Release|Any CPU = Release|Any CPU
	EndGlobalSection
	GlobalSection(ProjectConfigurationPlatforms) = postSolution
		{EB7F2089-9DC0-4233-9C04-2939B80A1EB9}.Debug|Any CPU.ActiveCfg = Debug|Any CPU
		{EB7F2089-9DC0-4233-9C04-2939B80A1EB9}.Debug|Any CPU.Build.0 = Debug|Any CPU
		{EB7F2089-9DC0-4233-9C04-2939B80A1EB9}.Release|Any CPU.ActiveCfg = Release|Any CPU
		{EB7F2089-9DC0-4233-9C04-2939B80A1EB9}.Release|Any CPU.Build.0 = Release|Any CPU
		{3E937EA8-C0A4-41D2-AE8F-5A7FE3813973}.Debug|Any CPU.ActiveCfg = Debug|Any CPU
		{3E937EA8-C0A4-41D2-AE8F-5A7FE3813973}.Debug|Any CPU.Build.0 = Debug|Any CPU
		{3E937EA8-C0A4-41D2-AE8F-5A7FE3813973}.Release|Any CPU.ActiveCfg = Release|Any CPU
		{3E937EA8-C0A4-41D2-AE8F-5A7FE3813973}.Release|Any CPU.Build.0 = Release|Any CPU
		{E7725D5E-920C-45F8-BC01-26A40C531FC7}.Debug|Any CPU.ActiveCfg = Debug|Any CPU
		{E7725D5E-920C-45F8-BC01-26A40C531FC7}.Debug|Any CPU.Build.0 = Debug|Any CPU
		{E7725D5E-920C-45F8-BC01-26A40C531FC7}.Release|Any CPU.ActiveCfg = Release|Any CPU
		{E7725D5E-920C-45F8-BC01-26A40C531FC7}.Release|Any CPU.Build.0 = Release|Any CPU
		{FE8D9FA0-8628-4037-A9F2-21C9543B0111}.Debug|Any CPU.ActiveCfg = Debug|Any CPU
		{FE8D9FA0-8628-4037-A9F2-21C9543B0111}.Debug|Any CPU.Build.0 = Debug|Any CPU
		{FE8D9FA0-8628-4037-A9F2-21C9543B0111}.Release|Any CPU.ActiveCfg = Release|Any CPU
		{FE8D9FA0-8628-4037-A9F2-21C9543B0111}.Release|Any CPU.Build.0 = Release|Any CPU
		{C7B45E09-F146-4AB2-8AE8-823EED2E0C37}.Debug|Any CPU.ActiveCfg = Debug|Any CPU
		{C7B45E09-F146-4AB2-8AE8-823EED2E0C37}.Debug|Any CPU.Build.0 = Debug|Any CPU
		{C7B45E09-F146-4AB2-8AE8-823EED2E0C37}.Release|Any CPU.ActiveCfg = Release|Any CPU
		{C7B45E09-F146-4AB2-8AE8-823EED2E0C37}.Release|Any CPU.Build.0 = Release|Any CPU
	EndGlobalSection
	GlobalSection(SolutionProperties) = preSolution
		HideSolutionNode = FALSE
	EndGlobalSection
	GlobalSection(ExtensibilityGlobals) = postSolution
		SolutionGuid = {C819EF77-B99F-47F9-90BD-21DEAD4206E9}
	EndGlobalSection
EndGlobal
